{
  "name": "api",
  "version": "0.0.0",
  "lockfileVersion": 1,
  "requires": true,
  "dependencies": {
    "@prisma/client": {
      "version": "2.30.3",
      "resolved": "https://registry.npmjs.org/@prisma/client/-/client-2.30.3.tgz",
      "integrity": "sha512-Ey2miZ+Hne12We3rA8XrlPoAF0iuKEhw5IK2nropaelSt0Ju3b2qSz9Qt50a/1Mx3+7yRSu/iSXt8y9TUMl/Yw==",
      "requires": {
        "@prisma/engines-version": "2.30.1-2.b8c35d44de987a9691890b3ddf3e2e7effb9bf20"
      }
    },
    "@prisma/engines": {
      "version": "2.30.1-2.b8c35d44de987a9691890b3ddf3e2e7effb9bf20",
      "resolved": "https://registry.npmjs.org/@prisma/engines/-/engines-2.30.1-2.b8c35d44de987a9691890b3ddf3e2e7effb9bf20.tgz",
      "integrity": "sha512-WPnA/IUrxDihrRhdP6+8KAVSwsc0zsh8ioPYsLJjOhzVhwpRbuFH2tJDRIAbc+qFh+BbTIZbeyBYt8fpNXaYQQ==",
      "dev": true
    },
    "@prisma/engines-version": {
      "version": "2.30.1-2.b8c35d44de987a9691890b3ddf3e2e7effb9bf20",
      "resolved": "https://registry.npmjs.org/@prisma/engines-version/-/engines-version-2.30.1-2.b8c35d44de987a9691890b3ddf3e2e7effb9bf20.tgz",
      "integrity": "sha512-/iDRgaoSQC77WN2oDsOM8dn61fykm6tnZUAClY+6p+XJbOEgZ9gy4CKuKTBgrjSGDVjtQ/S2KGcYd3Ring8xaw=="
    },
    "prisma": {
      "version": "2.30.3",
      "resolved": "https://registry.npmjs.org/prisma/-/prisma-2.30.3.tgz",
      "integrity": "sha512-48qYba2BIyUmXuosBZs0g3kYGrxKvo4VkSHYOuLlDdDirmKyvoY2hCYMUYHSx3f++8ovfgs+MX5KmNlP+iAZrQ==",
      "dev": true,
      "requires": {
        "@prisma/engines": "2.30.1-2.b8c35d44de987a9691890b3ddf3e2e7effb9bf20"
      }
    }
  }
}
